
Microsoft Visual Studio Solution File, Format Version 12.00
# Visual Studio Version 16
VisualStudioVersion = 16.0.30717.126
MinimumVisualStudioVersion = 10.0.40219.1
Project("{FAE04EC0-301F-11D3-BF4B-00C04F79EFBC}") = "lab4_films", "lab4_films.csproj", "{BF302816-375F-4B91-A08E-03C673ECD02E}"
EndProject
Global
	GlobalSection(SolutionConfigurationPlatforms) = preSolution
		Debug|Any CPU = Debug|Any CPU
		Release|Any CPU = Release|Any CPU
	EndGlobalSection
	GlobalSection(ProjectConfigurationPlatforms) = postSolution
		{BF302816-375F-4B91-A08E-03C673ECD02E}.Debug|Any CPU.ActiveCfg = Debug|Any CPU
		{BF302816-375F-4B91-A08E-03C673ECD02E}.Debug|Any CPU.Build.0 = Debug|Any CPU
		{BF302816-375F-4B91-A08E-03C673ECD02E}.Release|Any CPU.ActiveCfg = Release|Any CPU
		{BF302816-375F-4B91-A08E-03C673ECD02E}.Release|Any CPU.Build.0 = Release|Any CPU
	EndGlobalSection
	GlobalSection(SolutionProperties) = preSolution
		HideSolutionNode = FALSE
	EndGlobalSection
	GlobalSection(ExtensibilityGlobals) = postSolution
		SolutionGuid = {A3F7A288-8C05-4337-8928-950AEB60060D}
	EndGlobalSection
EndGlobal
